
Microsoft Visual Studio Solution File, Format Version 12.00
# Visual Studio Version 16
VisualStudioVersion = 16.0.31005.135
MinimumVisualStudioVersion = 10.0.40219.1
Project("{FAE04EC0-301F-11D3-BF4B-00C04F79EFBC}") = "sinema_projesi", "sinema_projesi\sinema_projesi.csproj", "{B7C3F5EF-C211-4BC7-B04C-0162C80AC8DF}"
EndProject
Global
	GlobalSection(SolutionConfigurationPlatforms) = preSolution
		Debug|Any CPU = Debug|Any CPU
		Release|Any CPU = Release|Any CPU
	EndGlobalSection
	GlobalSection(ProjectConfigurationPlatforms) = postSolution
		{B7C3F5EF-C211-4BC7-B04C-0162C80AC8DF}.Debug|Any CPU.ActiveCfg = Debug|Any CPU
		{B7C3F5EF-C211-4BC7-B04C-0162C80AC8DF}.Debug|Any CPU.Build.0 = Debug|Any CPU
		{B7C3F5EF-C211-4BC7-B04C-0162C80AC8DF}.Release|Any CPU.ActiveCfg = Release|Any CPU
		{B7C3F5EF-C211-4BC7-B04C-0162C80AC8DF}.Release|Any CPU.Build.0 = Release|Any CPU
	EndGlobalSection
	GlobalSection(SolutionProperties) = preSolution
		HideSolutionNode = FALSE
	EndGlobalSection
	GlobalSection(ExtensibilityGlobals) = postSolution
		SolutionGuid = {7EBDC4FB-F274-4FA7-9B3A-365671C58FF2}
	EndGlobalSection
EndGlobal
